
Microsoft Visual Studio Solution File, Format Version 12.00
# Visual Studio Version 17
VisualStudioVersion = 17.0.31919.166
MinimumVisualStudioVersion = 10.0.40219.1
Project("{FAE04EC0-301F-11D3-BF4B-00C04F79EFBC}") = "EsercitazioneWeek2", "EsercitazioneWeek2\EsercitazioneWeek2.csproj", "{EBCCAB36-475D-4CF3-8922-F30666440EBD}"
EndProject
Global
	GlobalSection(SolutionConfigurationPlatforms) = preSolution
		Debug|Any CPU = Debug|Any CPU
		Release|Any CPU = Release|Any CPU
	EndGlobalSection
	GlobalSection(ProjectConfigurationPlatforms) = postSolution
		{EBCCAB36-475D-4CF3-8922-F30666440EBD}.Debug|Any CPU.ActiveCfg = Debug|Any CPU
		{EBCCAB36-475D-4CF3-8922-F30666440EBD}.Debug|Any CPU.Build.0 = Debug|Any CPU
		{EBCCAB36-475D-4CF3-8922-F30666440EBD}.Release|Any CPU.ActiveCfg = Release|Any CPU
		{EBCCAB36-475D-4CF3-8922-F30666440EBD}.Release|Any CPU.Build.0 = Release|Any CPU
	EndGlobalSection
	GlobalSection(SolutionProperties) = preSolution
		HideSolutionNode = FALSE
	EndGlobalSection
	GlobalSection(ExtensibilityGlobals) = postSolution
		SolutionGuid = {66689EBC-F89B-429A-9A2C-FBC387307D03}
	EndGlobalSection
EndGlobal
